
Microsoft Visual Studio Solution File, Format Version 12.00
# Visual Studio Version 16
VisualStudioVersion = 16.0.31911.196
MinimumVisualStudioVersion = 10.0.40219.1
Project("{9A19103F-16F7-4668-BE54-9A1E7A4F7556}") = "mPloy_FinalProject_group5", "FinalProject_ZPloy\mPloy_FinalProject_group5.csproj", "{FEC658D9-04EC-491D-B48A-B20834E02787}"
EndProject
Global
	GlobalSection(SolutionConfigurationPlatforms) = preSolution
		Debug|Any CPU = Debug|Any CPU
		Release|Any CPU = Release|Any CPU
	EndGlobalSection
	GlobalSection(ProjectConfigurationPlatforms) = postSolution
		{FEC658D9-04EC-491D-B48A-B20834E02787}.Debug|Any CPU.ActiveCfg = Debug|Any CPU
		{FEC658D9-04EC-491D-B48A-B20834E02787}.Debug|Any CPU.Build.0 = Debug|Any CPU
		{FEC658D9-04EC-491D-B48A-B20834E02787}.Release|Any CPU.ActiveCfg = Release|Any CPU
		{FEC658D9-04EC-491D-B48A-B20834E02787}.Release|Any CPU.Build.0 = Release|Any CPU
	EndGlobalSection
	GlobalSection(SolutionProperties) = preSolution
		HideSolutionNode = FALSE
	EndGlobalSection
	GlobalSection(ExtensibilityGlobals) = postSolution
		SolutionGuid = {4A26743C-8461-468D-BF96-BABE00ED577F}
	EndGlobalSection
EndGlobal
